
Microsoft Visual Studio Solution File, Format Version 12.00
# Visual Studio Version 17
VisualStudioVersion = 17.4.33103.184
MinimumVisualStudioVersion = 10.0.40219.1
Project("{9A19103F-16F7-4668-BE54-9A1E7A4F7556}") = "Rectangle", "Rectangle.csproj", "{3D76081C-1A55-4193-B41E-4B81694A57A1}"
EndProject
Global
	GlobalSection(SolutionConfigurationPlatforms) = preSolution
		Debug|Any CPU = Debug|Any CPU
		Release|Any CPU = Release|Any CPU
	EndGlobalSection
	GlobalSection(ProjectConfigurationPlatforms) = postSolution
		{3D76081C-1A55-4193-B41E-4B81694A57A1}.Debug|Any CPU.ActiveCfg = Debug|Any CPU
		{3D76081C-1A55-4193-B41E-4B81694A57A1}.Debug|Any CPU.Build.0 = Debug|Any CPU
		{3D76081C-1A55-4193-B41E-4B81694A57A1}.Release|Any CPU.ActiveCfg = Release|Any CPU
		{3D76081C-1A55-4193-B41E-4B81694A57A1}.Release|Any CPU.Build.0 = Release|Any CPU
	EndGlobalSection
	GlobalSection(SolutionProperties) = preSolution
		HideSolutionNode = FALSE
	EndGlobalSection
	GlobalSection(ExtensibilityGlobals) = postSolution
		SolutionGuid = {E98CB6FD-270A-4332-8B54-5D9F82DDE283}
	EndGlobalSection
EndGlobal
